
Microsoft Visual Studio Solution File, Format Version 12.00
Project("{F2A71F9B-5D33-465A-A702-920D77279786}") = "aoc-22", "aoc-22\aoc-22.fsproj", "{189CC6A0-B8C6-4D2E-8163-87167965D875}"
EndProject
Global
	GlobalSection(SolutionConfigurationPlatforms) = preSolution
		Debug|Any CPU = Debug|Any CPU
		Release|Any CPU = Release|Any CPU
	EndGlobalSection
	GlobalSection(ProjectConfigurationPlatforms) = postSolution
		{189CC6A0-B8C6-4D2E-8163-87167965D875}.Debug|Any CPU.ActiveCfg = Debug|Any CPU
		{189CC6A0-B8C6-4D2E-8163-87167965D875}.Debug|Any CPU.Build.0 = Debug|Any CPU
		{189CC6A0-B8C6-4D2E-8163-87167965D875}.Release|Any CPU.ActiveCfg = Release|Any CPU
		{189CC6A0-B8C6-4D2E-8163-87167965D875}.Release|Any CPU.Build.0 = Release|Any CPU
	EndGlobalSection
EndGlobal
